// !$*UTF8*$!
{
	archiveVersion = 1;
	classes = {
	};
	objectVersion = 50;
	objects = {

/* Begin PBXBuildFile section */
		B400261B224BD8980061712C /* SumTest.swift in Sources */ = {isa = PBXBuildFile; fileRef = B400261A224BD8980061712C /* SumTest.swift */; };
		B40E5ED822FD1B6E0073B904 /* 20190809.swift in Sources */ = {isa = PBXBuildFile; fileRef = B40E5ED722FD1B6E0073B904 /* 20190809.swift */; };
		B4206B732405687F0097F057 /* 20200225.swift in Sources */ = {isa = PBXBuildFile; fileRef = B4206B722405687F0097F057 /* 20200225.swift */; };
		B42AB91522C9EDAE00EE0650 /* someArrayExtension.swift in Sources */ = {isa = PBXBuildFile; fileRef = B42AB91422C9EDAE00EE0650 /* someArrayExtension.swift */; };
		B42AB91822C9EED200EE0650 /* PropertyWrapper.swift in Sources */ = {isa = PBXBuildFile; fileRef = B42AB91722C9EED200EE0650 /* PropertyWrapper.swift */; };
		B42AB93122CA331200EE0650 /* 20190701.swift in Sources */ = {isa = PBXBuildFile; fileRef = B42AB93022CA331200EE0650 /* 20190701.swift */; };
		B43562A72404207500D09DCA /* 20200224.swift in Sources */ = {isa = PBXBuildFile; fileRef = B43562A62404207500D09DCA /* 20200224.swift */; };
		B43F63C02323945F00F866C5 /* 线程与进程.md in Resources */ = {isa = PBXBuildFile; fileRef = B43F63BE2323945F00F866C5 /* 线程与进程.md */; };
		B44193DC241CFD7200D0F3C5 /* 20200314.swift in Sources */ = {isa = PBXBuildFile; fileRef = B44193DB241CFD7200D0F3C5 /* 20200314.swift */; };
		B44193DE241D37EF00D0F3C5 /* 20200315.swift in Sources */ = {isa = PBXBuildFile; fileRef = B44193DD241D37EF00D0F3C5 /* 20200315.swift */; };
		B44194A6242275DF00D0F3C5 /* 20200318.swift in Sources */ = {isa = PBXBuildFile; fileRef = B44194A5242275DF00D0F3C5 /* 20200318.swift */; };
		B44194B32423C2E400D0F3C5 /* 20200319.swift in Sources */ = {isa = PBXBuildFile; fileRef = B44194B22423C2E400D0F3C5 /* 20200319.swift */; };
		B451DFFC22E87EEA00D6079A /* 20190724.swift in Sources */ = {isa = PBXBuildFile; fileRef = B451DFFB22E87EEA00D6079A /* 20190724.swift */; };
		B451DFFF22E8852500D6079A /* CustomError.swift in Sources */ = {isa = PBXBuildFile; fileRef = B451DFFE22E8852500D6079A /* CustomError.swift */; };
		B45AA2FB22358FF7006867D9 /* Tree.swift in Sources */ = {isa = PBXBuildFile; fileRef = B45AA2FA22358FF7006867D9 /* Tree.swift */; };
		B45AA2FF2236DE1E006867D9 /* SortUtils.swift in Sources */ = {isa = PBXBuildFile; fileRef = B45AA2FE2236DE1E006867D9 /* SortUtils.swift */; };
		B45AA30122382BD1006867D9 /* MegerSort.swift in Sources */ = {isa = PBXBuildFile; fileRef = B45AA30022382BD1006867D9 /* MegerSort.swift */; };
		B45AA3032238E3D2006867D9 /* FibonacciSequence.swift in Sources */ = {isa = PBXBuildFile; fileRef = B45AA3022238E3D2006867D9 /* FibonacciSequence.swift */; };
		B4656BCD21777D3500C840D8 /* QueueByStack.swift in Sources */ = {isa = PBXBuildFile; fileRef = B4656BCC21777D3500C840D8 /* QueueByStack.swift */; };
		B4656BCF21778A9A00C840D8 /* StackByQueue.swift in Sources */ = {isa = PBXBuildFile; fileRef = B4656BCE21778A9A00C840D8 /* StackByQueue.swift */; };
		B468F3A7230506C500F1E857 /* 20190815.swift in Sources */ = {isa = PBXBuildFile; fileRef = B468F3A6230506C500F1E857 /* 20190815.swift */; };
		B4745D622382E88100D35757 /* BYTimerProxy.m in Sources */ = {isa = PBXBuildFile; fileRef = B4745D612382E88100D35757 /* BYTimerProxy.m */; };
		B4745D672382ED3700D35757 /* 多线程地址空间.png in Resources */ = {isa = PBXBuildFile; fileRef = B4745D632382ED3700D35757 /* 多线程地址空间.png */; };
		B4745D682382ED3700D35757 /* 加载：从程序到进程.png in Resources */ = {isa = PBXBuildFile; fileRef = B4745D642382ED3700D35757 /* 加载：从程序到进程.png */; };
		B4745D692382ED3700D35757 /* 进程调度.png in Resources */ = {isa = PBXBuildFile; fileRef = B4745D652382ED3700D35757 /* 进程调度.png */; };
		B4745D6A2382ED3700D35757 /* 进程上下文切换.png in Resources */ = {isa = PBXBuildFile; fileRef = B4745D662382ED3700D35757 /* 进程上下文切换.png */; };
		B475E527224909D200481E12 /* MyViewProtocol.swift in Sources */ = {isa = PBXBuildFile; fileRef = B475E526224909D200481E12 /* MyViewProtocol.swift */; };
		B47EAE3F2417E059009DEBEE /* 20200310.swift in Sources */ = {isa = PBXBuildFile; fileRef = B47EAE3E2417E059009DEBEE /* 20200310.swift */; };
		B486D92523858EB20049F283 /* BYPerson.m in Sources */ = {isa = PBXBuildFile; fileRef = B486D92423858EB20049F283 /* BYPerson.m */; };
		B48E6ACB22CE2A7000601236 /* 20190704.swift in Sources */ = {isa = PBXBuildFile; fileRef = B48E6ACA22CE2A7000601236 /* 20190704.swift */; };
		B48E6ACE22CE307200601236 /* 细说 Swift 4.2 新特性：Dynamic Member Lookup .md in Resources */ = {isa = PBXBuildFile; fileRef = B48E6ACD22CE307200601236 /* 细说 Swift 4.2 新特性：Dynamic Member Lookup .md */; };
		B497436B22F072F00008B7CB /* 20190731.swift in Sources */ = {isa = PBXBuildFile; fileRef = B497436A22F072F00008B7CB /* 20190731.swift */; };
		B4A983FD238E1F68009FCE30 /* 20191127.swift in Sources */ = {isa = PBXBuildFile; fileRef = B4A983FC238E1F68009FCE30 /* 20191127.swift */; };
		B4A983FF238F6E41009FCE30 /* 20191128.swift in Sources */ = {isa = PBXBuildFile; fileRef = B4A983FE238F6E41009FCE30 /* 20191128.swift */; };
		B4ACD88A22AE4AEC00C55C01 /* Heap.swift in Sources */ = {isa = PBXBuildFile; fileRef = B4ACD88922AE4AEC00C55C01 /* Heap.swift */; };
		B4AF8E2D22EB0D05009265F7 /* 20190726.swift in Sources */ = {isa = PBXBuildFile; fileRef = B4AF8E2C22EB0D05009265F7 /* 20190726.swift */; };
		B4B2D84F2148BBB1008534BA /* AppDelegate.swift in Sources */ = {isa = PBXBuildFile; fileRef = B4B2D84E2148BBB1008534BA /* AppDelegate.swift */; };
		B4B2D8512148BBB1008534BA /* ViewController.swift in Sources */ = {isa = PBXBuildFile; fileRef = B4B2D8502148BBB1008534BA /* ViewController.swift */; };
		B4B2D8542148BBB1008534BA /* Main.storyboard in Resources */ = {isa = PBXBuildFile; fileRef = B4B2D8522148BBB1008534BA /* Main.storyboard */; };
		B4B2D8562148BBB1008534BA /* Assets.xcassets in Resources */ = {isa = PBXBuildFile; fileRef = B4B2D8552148BBB1008534BA /* Assets.xcassets */; };
		B4B2D8592148BBB1008534BA /* LaunchScreen.storyboard in Resources */ = {isa = PBXBuildFile; fileRef = B4B2D8572148BBB1008534BA /* LaunchScreen.storyboard */; };
		B4B2D8622148BDEE008534BA /* Util.swift in Sources */ = {isa = PBXBuildFile; fileRef = B4B2D8612148BDEE008534BA /* Util.swift */; };
		B4BF9C4622A4182D00FEFC45 /* Test.swift in Sources */ = {isa = PBXBuildFile; fileRef = B4BF9C4522A4182D00FEFC45 /* Test.swift */; };
		B4BFFF1224265AA10001EDF7 /* 20200321.swift in Sources */ = {isa = PBXBuildFile; fileRef = B4BFFF1124265AA10001EDF7 /* 20200321.swift */; };
		B4BFFF152428A2860001EDF7 /* Associatedtype.swift in Sources */ = {isa = PBXBuildFile; fileRef = B4BFFF142428A2860001EDF7 /* Associatedtype.swift */; };
		B4D011CF23FEDBFF0046B209 /* 20200220.swift in Sources */ = {isa = PBXBuildFile; fileRef = B4D011CE23FEDBFF0046B209 /* 20200220.swift */; };
		B4D97AA922CB90E90056BDE5 /* 算法解答目录.md in Resources */ = {isa = PBXBuildFile; fileRef = B4D97AA822CB90E90056BDE5 /* 算法解答目录.md */; };
		B4D97AAB22CB95420056BDE5 /* 20190702.swift in Sources */ = {isa = PBXBuildFile; fileRef = B4D97AAA22CB95420056BDE5 /* 20190702.swift */; };
		B4E7D9E222CF01C900D1C044 /* 20190705.swift in Sources */ = {isa = PBXBuildFile; fileRef = B4E7D9E122CF01C900D1C044 /* 20190705.swift */; };
		B4E8527922FAFCA10048DB56 /* 20190807.swift in Sources */ = {isa = PBXBuildFile; fileRef = B4E8527822FAFCA10048DB56 /* 20190807.swift */; };
		B4EE0BD5241A7E9200759DA6 /* LazyDesc.swift in Sources */ = {isa = PBXBuildFile; fileRef = B4EE0BD4241A7E9200759DA6 /* LazyDesc.swift */; };
		B4EE0BD7241A90A000759DA6 /* 20200312.swift in Sources */ = {isa = PBXBuildFile; fileRef = B4EE0BD6241A90A000759DA6 /* 20200312.swift */; };
		B4F37C38240D47440048EBE9 /* 20200302.swift in Sources */ = {isa = PBXBuildFile; fileRef = B4F37C37240D47440048EBE9 /* 20200302.swift */; };
		B4F5A4DC24169CB3008F88F2 /* 20200309.swift in Sources */ = {isa = PBXBuildFile; fileRef = B4F5A4DB24169CB3008F88F2 /* 20200309.swift */; };
		B4F9E5E22153F13300DB96CD /* Stack.swift in Sources */ = {isa = PBXBuildFile; fileRef = B4F9E5E12153F13300DB96CD /* Stack.swift */; };
		B4F9E5E52153F15100DB96CD /* ListNode.swift in Sources */ = {isa = PBXBuildFile; fileRef = B4F9E5E42153F15100DB96CD /* ListNode.swift */; };
		B4F9E5E82153F5DF00DB96CD /* Queue.swift in Sources */ = {isa = PBXBuildFile; fileRef = B4F9E5E72153F5DF00DB96CD /* Queue.swift */; };
/* End PBXBuildFile section */

/* Begin PBXFileReference section */
		B400261A224BD8980061712C /* SumTest.swift */ = {isa = PBXFileReference; lastKnownFileType = sourcecode.swift; path = SumTest.swift; sourceTree = "<group>"; };
		B40E5ED722FD1B6E0073B904 /* 20190809.swift */ = {isa = PBXFileReference; lastKnownFileType = sourcecode.swift; path = 20190809.swift; sourceTree = "<group>"; };
		B4206B722405687F0097F057 /* 20200225.swift */ = {isa = PBXFileReference; lastKnownFileType = sourcecode.swift; path = 20200225.swift; sourceTree = "<group>"; };
		B42AB91422C9EDAE00EE0650 /* someArrayExtension.swift */ = {isa = PBXFileReference; lastKnownFileType = sourcecode.swift; path = someArrayExtension.swift; sourceTree = "<group>"; };
		B42AB91722C9EED200EE0650 /* PropertyWrapper.swift */ = {isa = PBXFileReference; lastKnownFileType = sourcecode.swift; path = PropertyWrapper.swift; sourceTree = "<group>"; };
		B42AB93022CA331200EE0650 /* 20190701.swift */ = {isa = PBXFileReference; lastKnownFileType = sourcecode.swift; path = 20190701.swift; sourceTree = "<group>"; };
		B43562A62404207500D09DCA /* 20200224.swift */ = {isa = PBXFileReference; lastKnownFileType = sourcecode.swift; path = 20200224.swift; sourceTree = "<group>"; };
		B43F63BE2323945F00F866C5 /* 线程与进程.md */ = {isa = PBXFileReference; fileEncoding = 4; lastKnownFileType = net.daringfireball.markdown; path = "线程与进程.md"; sourceTree = "<group>"; };
		B44193DB241CFD7200D0F3C5 /* 20200314.swift */ = {isa = PBXFileReference; lastKnownFileType = sourcecode.swift; path = 20200314.swift; sourceTree = "<group>"; };
		B44193DD241D37EF00D0F3C5 /* 20200315.swift */ = {isa = PBXFileReference; lastKnownFileType = sourcecode.swift; path = 20200315.swift; sourceTree = "<group>"; };
		B44194A5242275DF00D0F3C5 /* 20200318.swift */ = {isa = PBXFileReference; lastKnownFileType = sourcecode.swift; path = 20200318.swift; sourceTree = "<group>"; };
		B44194B22423C2E400D0F3C5 /* 20200319.swift */ = {isa = PBXFileReference; lastKnownFileType = sourcecode.swift; path = 20200319.swift; sourceTree = "<group>"; };
		B451DFFB22E87EEA00D6079A /* 20190724.swift */ = {isa = PBXFileReference; fileEncoding = 4; lastKnownFileType = sourcecode.swift; path = 20190724.swift; sourceTree = "<group>"; };
		B451DFFE22E8852500D6079A /* CustomError.swift */ = {isa = PBXFileReference; fileEncoding = 4; lastKnownFileType = sourcecode.swift; path = CustomError.swift; sourceTree = "<group>"; };
		B45AA2FA22358FF7006867D9 /* Tree.swift */ = {isa = PBXFileReference; lastKnownFileType = sourcecode.swift; path = Tree.swift; sourceTree = "<group>"; };
		B45AA2FD2236DA6E006867D9 /* 常用七种排序算法.md */ = {isa = PBXFileReference; lastKnownFileType = net.daringfireball.markdown; path = "常用七种排序算法.md"; sourceTree = "<group>"; };
		B45AA2FE2236DE1E006867D9 /* SortUtils.swift */ = {isa = PBXFileReference; lastKnownFileType = sourcecode.swift; path = SortUtils.swift; sourceTree = "<group>"; };
		B45AA30022382BD1006867D9 /* MegerSort.swift */ = {isa = PBXFileReference; lastKnownFileType = sourcecode.swift; path = MegerSort.swift; sourceTree = "<group>"; };
		B45AA3022238E3D2006867D9 /* FibonacciSequence.swift */ = {isa = PBXFileReference; lastKnownFileType = sourcecode.swift; path = FibonacciSequence.swift; sourceTree = "<group>"; };
		B4656BCC21777D3500C840D8 /* QueueByStack.swift */ = {isa = PBXFileReference; lastKnownFileType = sourcecode.swift; path = QueueByStack.swift; sourceTree = "<group>"; };
		B4656BCE21778A9A00C840D8 /* StackByQueue.swift */ = {isa = PBXFileReference; lastKnownFileType = sourcecode.swift; path = StackByQueue.swift; sourceTree = "<group>"; };
		B468F3A6230506C500F1E857 /* 20190815.swift */ = {isa = PBXFileReference; lastKnownFileType = sourcecode.swift; path = 20190815.swift; sourceTree = "<group>"; };
		B4745D5F2382E88000D35757 /* DailySwiftAlgorithms-Bridging-Header.h */ = {isa = PBXFileReference; lastKnownFileType = sourcecode.c.h; path = "DailySwiftAlgorithms-Bridging-Header.h"; sourceTree = "<group>"; };
		B4745D602382E88100D35757 /* BYTimerProxy.h */ = {isa = PBXFileReference; lastKnownFileType = sourcecode.c.h; path = BYTimerProxy.h; sourceTree = "<group>"; };
		B4745D612382E88100D35757 /* BYTimerProxy.m */ = {isa = PBXFileReference; lastKnownFileType = sourcecode.c.objc; path = BYTimerProxy.m; sourceTree = "<group>"; };
		B4745D632382ED3700D35757 /* 多线程地址空间.png */ = {isa = PBXFileReference; lastKnownFileType = image.png; path = "多线程地址空间.png"; sourceTree = "<group>"; };
		B4745D642382ED3700D35757 /* 加载：从程序到进程.png */ = {isa = PBXFileReference; lastKnownFileType = image.png; path = "加载：从程序到进程.png"; sourceTree = "<group>"; };
		B4745D652382ED3700D35757 /* 进程调度.png */ = {isa = PBXFileReference; lastKnownFileType = image.png; path = "进程调度.png"; sourceTree = "<group>"; };
		B4745D662382ED3700D35757 /* 进程上下文切换.png */ = {isa = PBXFileReference; lastKnownFileType = image.png; path = "进程上下文切换.png"; sourceTree = "<group>"; };
		B475E526224909D200481E12 /* MyViewProtocol.swift */ = {isa = PBXFileReference; lastKnownFileType = sourcecode.swift; path = MyViewProtocol.swift; sourceTree = "<group>"; };
		B47EAE3E2417E059009DEBEE /* 20200310.swift */ = {isa = PBXFileReference; lastKnownFileType = sourcecode.swift; path = 20200310.swift; sourceTree = "<group>"; };
		B486D92323858EB20049F283 /* BYPerson.h */ = {isa = PBXFileReference; lastKnownFileType = sourcecode.c.h; path = BYPerson.h; sourceTree = "<group>"; };
		B486D92423858EB20049F283 /* BYPerson.m */ = {isa = PBXFileReference; lastKnownFileType = sourcecode.c.objc; path = BYPerson.m; sourceTree = "<group>"; };
		B48E6ACA22CE2A7000601236 /* 20190704.swift */ = {isa = PBXFileReference; lastKnownFileType = sourcecode.swift; path = 20190704.swift; sourceTree = "<group>"; };
		B48E6ACD22CE307200601236 /* 细说 Swift 4.2 新特性：Dynamic Member Lookup .md */ = {isa = PBXFileReference; lastKnownFileType = net.daringfireball.markdown; path = "细说 Swift 4.2 新特性：Dynamic Member Lookup .md"; sourceTree = "<group>"; };
		B497436A22F072F00008B7CB /* 20190731.swift */ = {isa = PBXFileReference; fileEncoding = 4; lastKnownFileType = sourcecode.swift; path = 20190731.swift; sourceTree = "<group>"; };
		B4A983FC238E1F68009FCE30 /* 20191127.swift */ = {isa = PBXFileReference; lastKnownFileType = sourcecode.swift; path = 20191127.swift; sourceTree = "<group>"; };
		B4A983FE238F6E41009FCE30 /* 20191128.swift */ = {isa = PBXFileReference; lastKnownFileType = sourcecode.swift; path = 20191128.swift; sourceTree = "<group>"; };
		B4ACD88922AE4AEC00C55C01 /* Heap.swift */ = {isa = PBXFileReference; lastKnownFileType = sourcecode.swift; path = Heap.swift; sourceTree = "<group>"; };
		B4AF8E2C22EB0D05009265F7 /* 20190726.swift */ = {isa = PBXFileReference; fileEncoding = 4; lastKnownFileType = sourcecode.swift; path = 20190726.swift; sourceTree = "<group>"; };
		B4B2D84B2148BBB1008534BA /* DailySwiftAlgorithms.app */ = {isa = PBXFileReference; explicitFileType = wrapper.application; includeInIndex = 0; path = DailySwiftAlgorithms.app; sourceTree = BUILT_PRODUCTS_DIR; };
		B4B2D84E2148BBB1008534BA /* AppDelegate.swift */ = {isa = PBXFileReference; lastKnownFileType = sourcecode.swift; path = AppDelegate.swift; sourceTree = "<group>"; };
		B4B2D8502148BBB1008534BA /* ViewController.swift */ = {isa = PBXFileReference; lastKnownFileType = sourcecode.swift; path = ViewController.swift; sourceTree = "<group>"; };
		B4B2D8532148BBB1008534BA /* Base */ = {isa = PBXFileReference; lastKnownFileType = file.storyboard; name = Base; path = Base.lproj/Main.storyboard; sourceTree = "<group>"; };
		B4B2D8552148BBB1008534BA /* Assets.xcassets */ = {isa = PBXFileReference; lastKnownFileType = folder.assetcatalog; path = Assets.xcassets; sourceTree = "<group>"; };
		B4B2D8582148BBB1008534BA /* Base */ = {isa = PBXFileReference; lastKnownFileType = file.storyboard; name = Base; path = Base.lproj/LaunchScreen.storyboard; sourceTree = "<group>"; };
		B4B2D85A2148BBB1008534BA /* Info.plist */ = {isa = PBXFileReference; lastKnownFileType = text.plist.xml; path = Info.plist; sourceTree = "<group>"; };
		B4B2D8602148BBC1008534BA /* DailySwiftAlgorithms.playground */ = {isa = PBXFileReference; lastKnownFileType = file.playground; path = DailySwiftAlgorithms.playground; sourceTree = "<group>"; xcLanguageSpecificationIdentifier = xcode.lang.swift; };
		B4B2D8612148BDEE008534BA /* Util.swift */ = {isa = PBXFileReference; lastKnownFileType = sourcecode.swift; path = Util.swift; sourceTree = "<group>"; };
		B4BF9C4522A4182D00FEFC45 /* Test.swift */ = {isa = PBXFileReference; lastKnownFileType = sourcecode.swift; path = Test.swift; sourceTree = "<group>"; };
		B4BFFF1124265AA10001EDF7 /* 20200321.swift */ = {isa = PBXFileReference; lastKnownFileType = sourcecode.swift; path = 20200321.swift; sourceTree = "<group>"; };
		B4BFFF142428A2860001EDF7 /* Associatedtype.swift */ = {isa = PBXFileReference; lastKnownFileType = sourcecode.swift; path = Associatedtype.swift; sourceTree = "<group>"; };
		B4D011CE23FEDBFF0046B209 /* 20200220.swift */ = {isa = PBXFileReference; lastKnownFileType = sourcecode.swift; path = 20200220.swift; sourceTree = "<group>"; };
		B4D97AA822CB90E90056BDE5 /* 算法解答目录.md */ = {isa = PBXFileReference; lastKnownFileType = net.daringfireball.markdown; path = "算法解答目录.md"; sourceTree = "<group>"; };
		B4D97AAA22CB95420056BDE5 /* 20190702.swift */ = {isa = PBXFileReference; lastKnownFileType = sourcecode.swift; path = 20190702.swift; sourceTree = "<group>"; };
		B4E7D9E122CF01C900D1C044 /* 20190705.swift */ = {isa = PBXFileReference; lastKnownFileType = sourcecode.swift; path = 20190705.swift; sourceTree = "<group>"; };
		B4E8527822FAFCA10048DB56 /* 20190807.swift */ = {isa = PBXFileReference; lastKnownFileType = sourcecode.swift; path = 20190807.swift; sourceTree = "<group>"; };
		B4EE0BD4241A7E9200759DA6 /* LazyDesc.swift */ = {isa = PBXFileReference; lastKnownFileType = sourcecode.swift; path = LazyDesc.swift; sourceTree = "<group>"; };
		B4EE0BD6241A90A000759DA6 /* 20200312.swift */ = {isa = PBXFileReference; lastKnownFileType = sourcecode.swift; path = 20200312.swift; sourceTree = "<group>"; };
		B4F37C37240D47440048EBE9 /* 20200302.swift */ = {isa = PBXFileReference; lastKnownFileType = sourcecode.swift; path = 20200302.swift; sourceTree = "<group>"; };
		B4F5A4DB24169CB3008F88F2 /* 20200309.swift */ = {isa = PBXFileReference; lastKnownFileType = sourcecode.swift; path = 20200309.swift; sourceTree = "<group>"; };
		B4F9E5E12153F13300DB96CD /* Stack.swift */ = {isa = PBXFileReference; lastKnownFileType = sourcecode.swift; path = Stack.swift; sourceTree = "<group>"; };
		B4F9E5E42153F15100DB96CD /* ListNode.swift */ = {isa = PBXFileReference; lastKnownFileType = sourcecode.swift; path = ListNode.swift; sourceTree = "<group>"; };
		B4F9E5E72153F5DF00DB96CD /* Queue.swift */ = {isa = PBXFileReference; lastKnownFileType = sourcecode.swift; path = Queue.swift; sourceTree = "<group>"; };
/* End PBXFileReference section */

/* Begin PBXFrameworksBuildPhase section */
		B4B2D8482148BBB1008534BA /* Frameworks */ = {
			isa = PBXFrameworksBuildPhase;
			buildActionMask = 2147483647;
			files = (
			);
			runOnlyForDeploymentPostprocessing = 0;
		};
/* End PBXFrameworksBuildPhase section */

/* Begin PBXGroup section */
		B42AB91022C9EC8300EE0650 /* Swift知识点 */ = {
			isa = PBXGroup;
			children = (
				B4BFFF132428A26B0001EDF7 /* associatedtype */,
				B4EE0BD3241A7E5600759DA6 /* Lazy性能优化 */,
				B48E6ACC22CE304900601236 /* Dynamic Member Lookup */,
				B42AB91622C9EE8000EE0650 /* 属性包装器 */,
				B42AB91122C9ED1500EE0650 /* 不透明类型(some) */,
			);
			path = "Swift知识点";
			sourceTree = "<group>";
		};
		B42AB91122C9ED1500EE0650 /* 不透明类型(some) */ = {
			isa = PBXGroup;
			children = (
				B42AB91422C9EDAE00EE0650 /* someArrayExtension.swift */,
			);
			path = "不透明类型(some)";
			sourceTree = "<group>";
		};
		B42AB91622C9EE8000EE0650 /* 属性包装器 */ = {
			isa = PBXGroup;
			children = (
				B42AB91722C9EED200EE0650 /* PropertyWrapper.swift */,
			);
			path = "属性包装器";
			sourceTree = "<group>";
		};
		B43F63BC2323945F00F866C5 /* 进程&线程 */ = {
			isa = PBXGroup;
			children = (
				B4745D632382ED3700D35757 /* 多线程地址空间.png */,
				B4745D642382ED3700D35757 /* 加载：从程序到进程.png */,
				B4745D652382ED3700D35757 /* 进程调度.png */,
				B4745D662382ED3700D35757 /* 进程上下文切换.png */,
				B43F63BE2323945F00F866C5 /* 线程与进程.md */,
			);
			path = "进程&线程";
			sourceTree = "<group>";
		};
		B451DFFD22E8852500D6079A /* Common */ = {
			isa = PBXGroup;
			children = (
				B451DFFE22E8852500D6079A /* CustomError.swift */,
			);
			path = Common;
			sourceTree = "<group>";
		};
		B45AA2F922358FC9006867D9 /* 树 */ = {
			isa = PBXGroup;
			children = (
				B45AA2FA22358FF7006867D9 /* Tree.swift */,
			);
			path = "树";
			sourceTree = "<group>";
		};
		B45AA2FC2236DA22006867D9 /* 排序 */ = {
			isa = PBXGroup;
			children = (
				B45AA2FD2236DA6E006867D9 /* 常用七种排序算法.md */,
				B45AA2FE2236DE1E006867D9 /* SortUtils.swift */,
				B45AA30022382BD1006867D9 /* MegerSort.swift */,
				B45AA3022238E3D2006867D9 /* FibonacciSequence.swift */,
			);
			path = "排序";
			sourceTree = "<group>";
		};
		B4745D5E2382E83D00D35757 /* Objective-C */ = {
			isa = PBXGroup;
			children = (
				B4745D602382E88100D35757 /* BYTimerProxy.h */,
				B4745D612382E88100D35757 /* BYTimerProxy.m */,
				B4745D5F2382E88000D35757 /* DailySwiftAlgorithms-Bridging-Header.h */,
				B486D92323858EB20049F283 /* BYPerson.h */,
				B486D92423858EB20049F283 /* BYPerson.m */,
			);
			path = "Objective-C";
			sourceTree = "<group>";
		};
		B475E5252249099600481E12 /* OtherStudy */ = {
			isa = PBXGroup;
			children = (
				B475E526224909D200481E12 /* MyViewProtocol.swift */,
			);
			path = OtherStudy;
			sourceTree = "<group>";
		};
		B48E6ACC22CE304900601236 /* Dynamic Member Lookup */ = {
			isa = PBXGroup;
			children = (
				B48E6ACD22CE307200601236 /* 细说 Swift 4.2 新特性：Dynamic Member Lookup .md */,
			);
			path = "Dynamic Member Lookup";
			sourceTree = "<group>";
		};
		B4ACD88822AE4AA600C55C01 /* 堆 */ = {
			isa = PBXGroup;
			children = (
				B4ACD88922AE4AEC00C55C01 /* Heap.swift */,
			);
			path = "堆";
			sourceTree = "<group>";
		};
		B4B2D8422148BBB1008534BA = {
			isa = PBXGroup;
			children = (
				B4B2D8602148BBC1008534BA /* DailySwiftAlgorithms.playground */,
				B4B2D84D2148BBB1008534BA /* DailySwiftAlgorithms */,
				B4B2D84C2148BBB1008534BA /* Products */,
			);
			sourceTree = "<group>";
		};
		B4B2D84C2148BBB1008534BA /* Products */ = {
			isa = PBXGroup;
			children = (
				B4B2D84B2148BBB1008534BA /* DailySwiftAlgorithms.app */,
			);
			name = Products;
			sourceTree = "<group>";
		};
		B4B2D84D2148BBB1008534BA /* DailySwiftAlgorithms */ = {
			isa = PBXGroup;
			children = (
				B4745D5E2382E83D00D35757 /* Objective-C */,
				B43F63BC2323945F00F866C5 /* 进程&线程 */,
				B451DFFD22E8852500D6079A /* Common */,
				B4D97AA722CB90C30056BDE5 /* 算法解答列表 */,
				B42AB91022C9EC8300EE0650 /* Swift知识点 */,
				B4ACD88822AE4AA600C55C01 /* 堆 */,
				B475E5252249099600481E12 /* OtherStudy */,
				B45AA2FC2236DA22006867D9 /* 排序 */,
				B45AA2F922358FC9006867D9 /* 树 */,
				B4F9E5E32153F13B00DB96CD /* 链表 */,
				B4F9E5E62153F16900DB96CD /* 队列 */,
				B4F9E5E02153F11700DB96CD /* 栈 */,
				B4B2D84E2148BBB1008534BA /* AppDelegate.swift */,
				B4B2D8502148BBB1008534BA /* ViewController.swift */,
				B4B2D8522148BBB1008534BA /* Main.storyboard */,
				B4B2D8552148BBB1008534BA /* Assets.xcassets */,
				B4B2D8572148BBB1008534BA /* LaunchScreen.storyboard */,
				B4B2D85A2148BBB1008534BA /* Info.plist */,
				B4B2D8612148BDEE008534BA /* Util.swift */,
				B400261A224BD8980061712C /* SumTest.swift */,
				B4BF9C4522A4182D00FEFC45 /* Test.swift */,
			);
			path = DailySwiftAlgorithms;
			sourceTree = "<group>";
		};
		B4BFFF132428A26B0001EDF7 /* associatedtype */ = {
			isa = PBXGroup;
			children = (
				B4BFFF142428A2860001EDF7 /* Associatedtype.swift */,
			);
			path = associatedtype;
			sourceTree = "<group>";
		};
		B4D97AA722CB90C30056BDE5 /* 算法解答列表 */ = {
			isa = PBXGroup;
			children = (
				B4D97AA822CB90E90056BDE5 /* 算法解答目录.md */,
				B42AB93022CA331200EE0650 /* 20190701.swift */,
				B4D97AAA22CB95420056BDE5 /* 20190702.swift */,
				B48E6ACA22CE2A7000601236 /* 20190704.swift */,
				B4E7D9E122CF01C900D1C044 /* 20190705.swift */,
				B451DFFB22E87EEA00D6079A /* 20190724.swift */,
				B4AF8E2C22EB0D05009265F7 /* 20190726.swift */,
				B497436A22F072F00008B7CB /* 20190731.swift */,
				B4E8527822FAFCA10048DB56 /* 20190807.swift */,
				B40E5ED722FD1B6E0073B904 /* 20190809.swift */,
				B468F3A6230506C500F1E857 /* 20190815.swift */,
				B4A983FC238E1F68009FCE30 /* 20191127.swift */,
				B4A983FE238F6E41009FCE30 /* 20191128.swift */,
				B4D011CE23FEDBFF0046B209 /* 20200220.swift */,
				B43562A62404207500D09DCA /* 20200224.swift */,
				B4206B722405687F0097F057 /* 20200225.swift */,
				B4F37C37240D47440048EBE9 /* 20200302.swift */,
				B4F5A4DB24169CB3008F88F2 /* 20200309.swift */,
				B47EAE3E2417E059009DEBEE /* 20200310.swift */,
				B4EE0BD6241A90A000759DA6 /* 20200312.swift */,
				B44193DB241CFD7200D0F3C5 /* 20200314.swift */,
				B44193DD241D37EF00D0F3C5 /* 20200315.swift */,
				B44194A5242275DF00D0F3C5 /* 20200318.swift */,
				B44194B22423C2E400D0F3C5 /* 20200319.swift */,
				B4BFFF1124265AA10001EDF7 /* 20200321.swift */,
			);
			path = "算法解答列表";
			sourceTree = "<group>";
		};
		B4EE0BD3241A7E5600759DA6 /* Lazy性能优化 */ = {
			isa = PBXGroup;
			children = (
				B4EE0BD4241A7E9200759DA6 /* LazyDesc.swift */,
			);
			path = "Lazy性能优化";
			sourceTree = "<group>";
		};
		B4F9E5E02153F11700DB96CD /* 栈 */ = {
			isa = PBXGroup;
			children = (
				B4F9E5E12153F13300DB96CD /* Stack.swift */,
				B4656BCC21777D3500C840D8 /* QueueByStack.swift */,
			);
			path = "栈";
			sourceTree = "<group>";
		};
		B4F9E5E32153F13B00DB96CD /* 链表 */ = {
			isa = PBXGroup;
			children = (
				B4F9E5E42153F15100DB96CD /* ListNode.swift */,
			);
			path = "链表";
			sourceTree = "<group>";
		};
		B4F9E5E62153F16900DB96CD /* 队列 */ = {
			isa = PBXGroup;
			children = (
				B4F9E5E72153F5DF00DB96CD /* Queue.swift */,
				B4656BCE21778A9A00C840D8 /* StackByQueue.swift */,
			);
			path = "队列";
			sourceTree = "<group>";
		};
/* End PBXGroup section */

/* Begin PBXNativeTarget section */
		B4B2D84A2148BBB1008534BA /* DailySwiftAlgorithms */ = {
			isa = PBXNativeTarget;
			buildConfigurationList = B4B2D85D2148BBB1008534BA /* Build configuration list for PBXNativeTarget "DailySwiftAlgorithms" */;
			buildPhases = (
				B4B2D8472148BBB1008534BA /* Sources */,
				B4B2D8482148BBB1008534BA /* Frameworks */,
				B4B2D8492148BBB1008534BA /* Resources */,
			);
			buildRules = (
			);
			dependencies = (
			);
			name = DailySwiftAlgorithms;
			productName = DailySwiftAlgorithms;
			productReference = B4B2D84B2148BBB1008534BA /* DailySwiftAlgorithms.app */;
			productType = "com.apple.product-type.application";
		};
/* End PBXNativeTarget section */

/* Begin PBXProject section */
		B4B2D8432148BBB1008534BA /* Project object */ = {
			isa = PBXProject;
			attributes = {
				LastSwiftUpdateCheck = 1000;
				LastUpgradeCheck = 1000;
				ORGANIZATIONNAME = Beryter;
				TargetAttributes = {
					B4B2D84A2148BBB1008534BA = {
						CreatedOnToolsVersion = 10.0;
						LastSwiftMigration = 1120;
					};
				};
			};
			buildConfigurationList = B4B2D8462148BBB1008534BA /* Build configuration list for PBXProject "DailySwiftAlgorithms" */;
			compatibilityVersion = "Xcode 9.3";
			developmentRegion = en;
			hasScannedForEncodings = 0;
			knownRegions = (
				en,
				Base,
			);
			mainGroup = B4B2D8422148BBB1008534BA;
			productRefGroup = B4B2D84C2148BBB1008534BA /* Products */;
			projectDirPath = "";
			projectRoot = "";
			targets = (
				B4B2D84A2148BBB1008534BA /* DailySwiftAlgorithms */,
			);
		};
/* End PBXProject section */

/* Begin PBXResourcesBuildPhase section */
		B4B2D8492148BBB1008534BA /* Resources */ = {
			isa = PBXResourcesBuildPhase;
			buildActionMask = 2147483647;
			files = (
				B48E6ACE22CE307200601236 /* 细说 Swift 4.2 新特性：Dynamic Member Lookup .md in Resources */,
				B4B2D8592148BBB1008534BA /* LaunchScreen.storyboard in Resources */,
				B4745D672382ED3700D35757 /* 多线程地址空间.png in Resources */,
				B4B2D8562148BBB1008534BA /* Assets.xcassets in Resources */,
				B4D97AA922CB90E90056BDE5 /* 算法解答目录.md in Resources */,
				B4745D682382ED3700D35757 /* 加载：从程序到进程.png in Resources */,
				B43F63C02323945F00F866C5 /* 线程与进程.md in Resources */,
				B4745D6A2382ED3700D35757 /* 进程上下文切换.png in Resources */,
				B4745D692382ED3700D35757 /* 进程调度.png in Resources */,
				B4B2D8542148BBB1008534BA /* Main.storyboard in Resources */,
			);
			runOnlyForDeploymentPostprocessing = 0;
		};
/* End PBXResourcesBuildPhase section */

/* Begin PBXSourcesBuildPhase section */
		B4B2D8472148BBB1008534BA /* Sources */ = {
			isa = PBXSourcesBuildPhase;
			buildActionMask = 2147483647;
			files = (
				B4A983FD238E1F68009FCE30 /* 20191127.swift in Sources */,
				B4BFFF1224265AA10001EDF7 /* 20200321.swift in Sources */,
				B4F9E5E22153F13300DB96CD /* Stack.swift in Sources */,
				B42AB93122CA331200EE0650 /* 20190701.swift in Sources */,
				B400261B224BD8980061712C /* SumTest.swift in Sources */,
				B4BFFF152428A2860001EDF7 /* Associatedtype.swift in Sources */,
				B4BF9C4622A4182D00FEFC45 /* Test.swift in Sources */,
				B4ACD88A22AE4AEC00C55C01 /* Heap.swift in Sources */,
				B4F9E5E82153F5DF00DB96CD /* Queue.swift in Sources */,
				B4A983FF238F6E41009FCE30 /* 20191128.swift in Sources */,
				B4B2D8512148BBB1008534BA /* ViewController.swift in Sources */,
				B4E8527922FAFCA10048DB56 /* 20190807.swift in Sources */,
				B4EE0BD7241A90A000759DA6 /* 20200312.swift in Sources */,
				B44193DC241CFD7200D0F3C5 /* 20200314.swift in Sources */,
				B48E6ACB22CE2A7000601236 /* 20190704.swift in Sources */,
				B44193DE241D37EF00D0F3C5 /* 20200315.swift in Sources */,
				B4D97AAB22CB95420056BDE5 /* 20190702.swift in Sources */,
				B40E5ED822FD1B6E0073B904 /* 20190809.swift in Sources */,
				B4E7D9E222CF01C900D1C044 /* 20190705.swift in Sources */,
				B4206B732405687F0097F057 /* 20200225.swift in Sources */,
				B45AA2FB22358FF7006867D9 /* Tree.swift in Sources */,
				B4F37C38240D47440048EBE9 /* 20200302.swift in Sources */,
				B451DFFC22E87EEA00D6079A /* 20190724.swift in Sources */,
				B42AB91522C9EDAE00EE0650 /* someArrayExtension.swift in Sources */,
				B42AB91822C9EED200EE0650 /* PropertyWrapper.swift in Sources */,
				B44194B32423C2E400D0F3C5 /* 20200319.swift in Sources */,
				B4656BCF21778A9A00C840D8 /* StackByQueue.swift in Sources */,
				B4D011CF23FEDBFF0046B209 /* 20200220.swift in Sources */,
				B497436B22F072F00008B7CB /* 20190731.swift in Sources */,
				B475E527224909D200481E12 /* MyViewProtocol.swift in Sources */,
				B4EE0BD5241A7E9200759DA6 /* LazyDesc.swift in Sources */,
				B45AA30122382BD1006867D9 /* MegerSort.swift in Sources */,
				B451DFFF22E8852500D6079A /* CustomError.swift in Sources */,
				B43562A72404207500D09DCA /* 20200224.swift in Sources */,
				B4656BCD21777D3500C840D8 /* QueueByStack.swift in Sources */,
				B4B2D8622148BDEE008534BA /* Util.swift in Sources */,
				B4F5A4DC24169CB3008F88F2 /* 20200309.swift in Sources */,
				B45AA2FF2236DE1E006867D9 /* SortUtils.swift in Sources */,
				B45AA3032238E3D2006867D9 /* FibonacciSequence.swift in Sources */,
				B4F9E5E52153F15100DB96CD /* ListNode.swift in Sources */,
				B44194A6242275DF00D0F3C5 /* 20200318.swift in Sources */,
				B4AF8E2D22EB0D05009265F7 /* 20190726.swift in Sources */,
				B4B2D84F2148BBB1008534BA /* AppDelegate.swift in Sources */,
				B47EAE3F2417E059009DEBEE /* 20200310.swift in Sources */,
				B486D92523858EB20049F283 /* BYPerson.m in Sources */,
				B468F3A7230506C500F1E857 /* 20190815.swift in Sources */,
				B4745D622382E88100D35757 /* BYTimerProxy.m in Sources */,
			);
			runOnlyForDeploymentPostprocessing = 0;
		};
/* End PBXSourcesBuildPhase section */

/* Begin PBXVariantGroup section */
		B4B2D8522148BBB1008534BA /* Main.storyboard */ = {
			isa = PBXVariantGroup;
			children = (
				B4B2D8532148BBB1008534BA /* Base */,
			);
			name = Main.storyboard;
			sourceTree = "<group>";
		};
		B4B2D8572148BBB1008534BA /* LaunchScreen.storyboard */ = {
			isa = PBXVariantGroup;
			children = (
				B4B2D8582148BBB1008534BA /* Base */,
			);
			name = LaunchScreen.storyboard;
			sourceTree = "<group>";
		};
/* End PBXVariantGroup section */

/* Begin XCBuildConfiguration section */
		B4B2D85B2148BBB1008534BA /* Debug */ = {
			isa = XCBuildConfiguration;
			buildSettings = {
				ALWAYS_SEARCH_USER_PATHS = NO;
				CLANG_ANALYZER_NONNULL = YES;
				CLANG_ANALYZER_NUMBER_OBJECT_CONVERSION = YES_AGGRESSIVE;
				CLANG_CXX_LANGUAGE_STANDARD = "gnu++14";
				CLANG_CXX_LIBRARY = "libc++";
				CLANG_ENABLE_MODULES = YES;
				CLANG_ENABLE_OBJC_ARC = YES;
				CLANG_ENABLE_OBJC_WEAK = YES;
				CLANG_WARN_BLOCK_CAPTURE_AUTORELEASING = YES;
				CLANG_WARN_BOOL_CONVERSION = YES;
				CLANG_WARN_COMMA = YES;
				CLANG_WARN_CONSTANT_CONVERSION = YES;
				CLANG_WARN_DEPRECATED_OBJC_IMPLEMENTATIONS = YES;
				CLANG_WARN_DIRECT_OBJC_ISA_USAGE = YES_ERROR;
				CLANG_WARN_DOCUMENTATION_COMMENTS = YES;
				CLANG_WARN_EMPTY_BODY = YES;
				CLANG_WARN_ENUM_CONVERSION = YES;
				CLANG_WARN_INFINITE_RECURSION = YES;
				CLANG_WARN_INT_CONVERSION = YES;
				CLANG_WARN_NON_LITERAL_NULL_CONVERSION = YES;
				CLANG_WARN_OBJC_IMPLICIT_RETAIN_SELF = YES;
				CLANG_WARN_OBJC_LITERAL_CONVERSION = YES;
				CLANG_WARN_OBJC_ROOT_CLASS = YES_ERROR;
				CLANG_WARN_RANGE_LOOP_ANALYSIS = YES;
				CLANG_WARN_STRICT_PROTOTYPES = YES;
				CLANG_WARN_SUSPICIOUS_MOVE = YES;
				CLANG_WARN_UNGUARDED_AVAILABILITY = YES_AGGRESSIVE;
				CLANG_WARN_UNREACHABLE_CODE = YES;
				CLANG_WARN__DUPLICATE_METHOD_MATCH = YES;
				CODE_SIGN_IDENTITY = "iPhone Developer";
				COPY_PHASE_STRIP = NO;
				DEBUG_INFORMATION_FORMAT = dwarf;
				ENABLE_STRICT_OBJC_MSGSEND = YES;
				ENABLE_TESTABILITY = YES;
				GCC_C_LANGUAGE_STANDARD = gnu11;
				GCC_DYNAMIC_NO_PIC = NO;
				GCC_NO_COMMON_BLOCKS = YES;
				GCC_OPTIMIZATION_LEVEL = 0;
				GCC_PREPROCESSOR_DEFINITIONS = (
					"DEBUG=1",
					"$(inherited)",
				);
				GCC_WARN_64_TO_32_BIT_CONVERSION = YES;
				GCC_WARN_ABOUT_RETURN_TYPE = YES_ERROR;
				GCC_WARN_UNDECLARED_SELECTOR = YES;
				GCC_WARN_UNINITIALIZED_AUTOS = YES_AGGRESSIVE;
				GCC_WARN_UNUSED_FUNCTION = YES;
				GCC_WARN_UNUSED_VARIABLE = YES;
				IPHONEOS_DEPLOYMENT_TARGET = 12.0;
				MTL_ENABLE_DEBUG_INFO = INCLUDE_SOURCE;
				MTL_FAST_MATH = YES;
				ONLY_ACTIVE_ARCH = YES;
				SDKROOT = iphoneos;
				SWIFT_ACTIVE_COMPILATION_CONDITIONS = DEBUG;
				SWIFT_OPTIMIZATION_LEVEL = "-Onone";
			};
			name = Debug;
		};
		B4B2D85C2148BBB1008534BA /* Release */ = {
			isa = XCBuildConfiguration;
			buildSettings = {
				ALWAYS_SEARCH_USER_PATHS = NO;
				CLANG_ANALYZER_NONNULL = YES;
				CLANG_ANALYZER_NUMBER_OBJECT_CONVERSION = YES_AGGRESSIVE;
				CLANG_CXX_LANGUAGE_STANDARD = "gnu++14";
				CLANG_CXX_LIBRARY = "libc++";
				CLANG_ENABLE_MODULES = YES;
				CLANG_ENABLE_OBJC_ARC = YES;
				CLANG_ENABLE_OBJC_WEAK = YES;
				CLANG_WARN_BLOCK_CAPTURE_AUTORELEASING = YES;
				CLANG_WARN_BOOL_CONVERSION = YES;
				CLANG_WARN_COMMA = YES;
				CLANG_WARN_CONSTANT_CONVERSION = YES;
				CLANG_WARN_DEPRECATED_OBJC_IMPLEMENTATIONS = YES;
				CLANG_WARN_DIRECT_OBJC_ISA_USAGE = YES_ERROR;
				CLANG_WARN_DOCUMENTATION_COMMENTS = YES;
				CLANG_WARN_EMPTY_BODY = YES;
				CLANG_WARN_ENUM_CONVERSION = YES;
				CLANG_WARN_INFINITE_RECURSION = YES;
				CLANG_WARN_INT_CONVERSION = YES;
				CLANG_WARN_NON_LITERAL_NULL_CONVERSION = YES;
				CLANG_WARN_OBJC_IMPLICIT_RETAIN_SELF = YES;
				CLANG_WARN_OBJC_LITERAL_CONVERSION = YES;
				CLANG_WARN_OBJC_ROOT_CLASS = YES_ERROR;
				CLANG_WARN_RANGE_LOOP_ANALYSIS = YES;
				CLANG_WARN_STRICT_PROTOTYPES = YES;
				CLANG_WARN_SUSPICIOUS_MOVE = YES;
				CLANG_WARN_UNGUARDED_AVAILABILITY = YES_AGGRESSIVE;
				CLANG_WARN_UNREACHABLE_CODE = YES;
				CLANG_WARN__DUPLICATE_METHOD_MATCH = YES;
				CODE_SIGN_IDENTITY = "iPhone Developer";
				COPY_PHASE_STRIP = NO;
				DEBUG_INFORMATION_FORMAT = "dwarf-with-dsym";
				ENABLE_NS_ASSERTIONS = NO;
				ENABLE_STRICT_OBJC_MSGSEND = YES;
				GCC_C_LANGUAGE_STANDARD = gnu11;
				GCC_NO_COMMON_BLOCKS = YES;
				GCC_WARN_64_TO_32_BIT_CONVERSION = YES;
				GCC_WARN_ABOUT_RETURN_TYPE = YES_ERROR;
				GCC_WARN_UNDECLARED_SELECTOR = YES;
				GCC_WARN_UNINITIALIZED_AUTOS = YES_AGGRESSIVE;
				GCC_WARN_UNUSED_FUNCTION = YES;
				GCC_WARN_UNUSED_VARIABLE = YES;
				IPHONEOS_DEPLOYMENT_TARGET = 12.0;
				MTL_ENABLE_DEBUG_INFO = NO;
				MTL_FAST_MATH = YES;
				SDKROOT = iphoneos;
				SWIFT_COMPILATION_MODE = wholemodule;
				SWIFT_OPTIMIZATION_LEVEL = "-O";
				VALIDATE_PRODUCT = YES;
			};
			name = Release;
		};
		B4B2D85E2148BBB1008534BA /* Debug */ = {
			isa = XCBuildConfiguration;
			buildSettings = {
				ASSETCATALOG_COMPILER_APPICON_NAME = AppIcon;
				CLANG_ENABLE_MODULES = YES;
				CODE_SIGN_STYLE = Automatic;
				DEVELOPMENT_TEAM = 8E42QMX22R;
				INFOPLIST_FILE = DailySwiftAlgorithms/Info.plist;
				LD_RUNPATH_SEARCH_PATHS = (
					"$(inherited)",
					"@executable_path/Frameworks",
				);
				PRODUCT_BUNDLE_IDENTIFIER = MyDailySwiftAlgorithms;
				PRODUCT_NAME = "$(TARGET_NAME)";
				SWIFT_OBJC_BRIDGING_HEADER = "DailySwiftAlgorithms/Objective-C/DailySwiftAlgorithms-Bridging-Header.h";
				SWIFT_OPTIMIZATION_LEVEL = "-Onone";
				SWIFT_VERSION = 5.0;
				TARGETED_DEVICE_FAMILY = "1,2";
			};
			name = Debug;
		};
		B4B2D85F2148BBB1008534BA /* Release */ = {
			isa = XCBuildConfiguration;
			buildSettings = {
				ASSETCATALOG_COMPILER_APPICON_NAME = AppIcon;
				CLANG_ENABLE_MODULES = YES;
				CODE_SIGN_STYLE = Automatic;
				DEVELOPMENT_TEAM = 8E42QMX22R;
				INFOPLIST_FILE = DailySwiftAlgorithms/Info.plist;
				LD_RUNPATH_SEARCH_PATHS = (
					"$(inherited)",
					"@executable_path/Frameworks",
				);
				PRODUCT_BUNDLE_IDENTIFIER = MyDailySwiftAlgorithms;
				PRODUCT_NAME = "$(TARGET_NAME)";
				SWIFT_OBJC_BRIDGING_HEADER = "DailySwiftAlgorithms/Objective-C/DailySwiftAlgorithms-Bridging-Header.h";
				SWIFT_VERSION = 5.0;
				TARGETED_DEVICE_FAMILY = "1,2";
			};
			name = Release;
		};
/* End XCBuildConfiguration section */

/* Begin XCConfigurationList section */
		B4B2D8462148BBB1008534BA /* Build configuration list for PBXProject "DailySwiftAlgorithms" */ = {
			isa = XCConfigurationList;
			buildConfigurations = (
				B4B2D85B2148BBB1008534BA /* Debug */,
				B4B2D85C2148BBB1008534BA /* Release */,
			);
			defaultConfigurationIsVisible = 0;
			defaultConfigurationName = Release;
		};
		B4B2D85D2148BBB1008534BA /* Build configuration list for PBXNativeTarget "DailySwiftAlgorithms" */ = {
			isa = XCConfigurationList;
			buildConfigurations = (
				B4B2D85E2148BBB1008534BA /* Debug */,
				B4B2D85F2148BBB1008534BA /* Release */,
			);
			defaultConfigurationIsVisible = 0;
			defaultConfigurationName = Release;
		};
/* End XCConfigurationList section */
	};
	rootObject = B4B2D8432148BBB1008534BA /* Project object */;
}
